{
  "name": "tesseract-issues",
  "version": "1.0.0",
  "lockfileVersion": 1,
  "requires": true,
  "dependencies": {
    "bmp-js": {
      "version": "0.1.0",
      "resolved": "https://registry.npm.taobao.org/bmp-js/download/bmp-js-0.1.0.tgz",
      "integrity": "sha1-4Fpj95amwf8l9Hcex62twUjAcjM="
    },
    "file-type": {
      "version": "12.4.2",
      "resolved": "https://registry.npm.taobao.org/file-type/download/file-type-12.4.2.tgz",
      "integrity": "sha1-o0TqVmSh0BRH7n+xtjX3L+thadk="
    },
    "idb-keyval": {
      "version": "3.2.0",
      "resolved": "https://registry.npm.taobao.org/idb-keyval/download/idb-keyval-3.2.0.tgz",
      "integrity": "sha1-y781TetWhLbNyEN2KU/AWTKEW9Y="
    },
    "is-electron": {
      "version": "2.2.0",
      "resolved": "https://registry.npm.taobao.org/is-electron/download/is-electron-2.2.0.tgz",
      "integrity": "sha1-iUMITwnotzGzp6ApintdVva37vA="
    },
    "is-url": {
      "version": "1.2.4",
      "resolved": "https://registry.npm.taobao.org/is-url/download/is-url-1.2.4.tgz",
      "integrity": "sha1-BKTfRtKMTP89c9Af8Gq+sxihqlI="
    },
    "node-fetch": {
      "version": "2.6.1",
      "resolved": "https://registry.npmjs.org/node-fetch/-/node-fetch-2.6.1.tgz",
      "integrity": "sha512-V4aYg89jEoVRxRb2fJdAg8FHvI7cEyYdVAh94HH0UIK8oJxUfkjlDQN9RbMx+bEjP7+ggMiFRprSti032Oipxw=="
    },
    "opencollective-postinstall": {
      "version": "2.0.2",
      "resolved": "https://registry.npm.taobao.org/opencollective-postinstall/download/opencollective-postinstall-2.0.2.tgz",
      "integrity": "sha1-Vlfxvt5ptuM6RZObBh61PTxsOok="
    },
    "regenerator-runtime": {
      "version": "0.13.5",
      "resolved": "https://registry.npm.taobao.org/regenerator-runtime/download/regenerator-runtime-0.13.5.tgz?cache=0&sync_timestamp=1584052392667&other_urls=https%3A%2F%2Fregistry.npm.taobao.org%2Fregenerator-runtime%2Fdownload%2Fregenerator-runtime-0.13.5.tgz",
      "integrity": "sha1-2Hih0JS0MG0QuQlkhLM+vVXiZpc="
    },
    "resolve-url": {
      "version": "0.2.1",
      "resolved": "https://registry.npm.taobao.org/resolve-url/download/resolve-url-0.2.1.tgz",
      "integrity": "sha1-LGN/53yJOv0qZj/iGqkIAGjiBSo="
    },
    "tesseract.js": {
      "version": "2.1.1",
      "resolved": "https://registry.npm.taobao.org/tesseract.js/download/tesseract.js-2.1.1.tgz",
      "integrity": "sha1-XFD8lVQs6Ng0y5Ur+3Wo/IXxRB0=",
      "requires": {
        "bmp-js": "^0.1.0",
        "file-type": "^12.4.1",
        "idb-keyval": "^3.2.0",
        "is-electron": "^2.2.0",
        "is-url": "^1.2.4",
        "node-fetch": "^2.6.0",
        "opencollective-postinstall": "^2.0.2",
        "regenerator-runtime": "^0.13.3",
        "resolve-url": "^0.2.1",
        "tesseract.js-core": "^2.2.0",
        "zlibjs": "^0.3.1"
      }
    },
    "tesseract.js-core": {
      "version": "2.2.0",
      "resolved": "https://registry.npm.taobao.org/tesseract.js-core/download/tesseract.js-core-2.2.0.tgz",
      "integrity": "sha1-bveAUScqOBlp+sPkWiJuhQIs/+8="
    },
    "zlibjs": {
      "version": "0.3.1",
      "resolved": "https://registry.npm.taobao.org/zlibjs/download/zlibjs-0.3.1.tgz",
      "integrity": "sha1-UBl+2yihxCymWcyLTmqd3W1ERVQ="
    }
  }
}
